
Microsoft Visual Studio Solution File, Format Version 12.00
# Visual Studio 14
VisualStudioVersion = 14.0.25123.0
MinimumVisualStudioVersion = 10.0.40219.1
Project("{FAE04EC0-301F-11D3-BF4B-00C04F79EFBC}") = "Modelo", "Modelo\Modelo.csproj", "{B1CB2F2D-73A4-4BFF-A05B-301D074E3324}"
EndProject
Project("{FAE04EC0-301F-11D3-BF4B-00C04F79EFBC}") = "Persistencia", "Persistencia\Persistencia.csproj", "{526AB97D-5FBE-4165-8F7A-F021C9A24161}"
EndProject
Project("{FAE04EC0-301F-11D3-BF4B-00C04F79EFBC}") = "Negocio", "Negocio\Negocio.csproj", "{EEE10AF8-3425-453A-957C-B9138B4CC995}"
EndProject
Project("{FAE04EC0-301F-11D3-BF4B-00C04F79EFBC}") = "VisaoWPF", "VisaoWPF\VisaoWPF.csproj", "{4224D6F5-B11D-4578-8DC1-B7ECC7886472}"
EndProject
Project("{FAE04EC0-301F-11D3-BF4B-00C04F79EFBC}") = "VisaoMVC", "VisaoMVC\VisaoMVC.csproj", "{A82E69C1-2CF9-497D-A0E5-E8885F61679B}"
EndProject
Global
	GlobalSection(SolutionConfigurationPlatforms) = preSolution
		Debug|Any CPU = Debug|Any CPU
		Release|Any CPU = Release|Any CPU
	EndGlobalSection
	GlobalSection(ProjectConfigurationPlatforms) = postSolution
		{B1CB2F2D-73A4-4BFF-A05B-301D074E3324}.Debug|Any CPU.ActiveCfg = Debug|Any CPU
		{B1CB2F2D-73A4-4BFF-A05B-301D074E3324}.Debug|Any CPU.Build.0 = Debug|Any CPU
		{B1CB2F2D-73A4-4BFF-A05B-301D074E3324}.Release|Any CPU.ActiveCfg = Release|Any CPU
		{B1CB2F2D-73A4-4BFF-A05B-301D074E3324}.Release|Any CPU.Build.0 = Release|Any CPU
		{526AB97D-5FBE-4165-8F7A-F021C9A24161}.Debug|Any CPU.ActiveCfg = Debug|Any CPU
		{526AB97D-5FBE-4165-8F7A-F021C9A24161}.Debug|Any CPU.Build.0 = Debug|Any CPU
		{526AB97D-5FBE-4165-8F7A-F021C9A24161}.Release|Any CPU.ActiveCfg = Release|Any CPU
		{526AB97D-5FBE-4165-8F7A-F021C9A24161}.Release|Any CPU.Build.0 = Release|Any CPU
		{EEE10AF8-3425-453A-957C-B9138B4CC995}.Debug|Any CPU.ActiveCfg = Debug|Any CPU
		{EEE10AF8-3425-453A-957C-B9138B4CC995}.Debug|Any CPU.Build.0 = Debug|Any CPU
		{EEE10AF8-3425-453A-957C-B9138B4CC995}.Release|Any CPU.ActiveCfg = Release|Any CPU
		{EEE10AF8-3425-453A-957C-B9138B4CC995}.Release|Any CPU.Build.0 = Release|Any CPU
		{4224D6F5-B11D-4578-8DC1-B7ECC7886472}.Debug|Any CPU.ActiveCfg = Debug|Any CPU
		{4224D6F5-B11D-4578-8DC1-B7ECC7886472}.Debug|Any CPU.Build.0 = Debug|Any CPU
		{4224D6F5-B11D-4578-8DC1-B7ECC7886472}.Release|Any CPU.ActiveCfg = Release|Any CPU
		{4224D6F5-B11D-4578-8DC1-B7ECC7886472}.Release|Any CPU.Build.0 = Release|Any CPU
		{A82E69C1-2CF9-497D-A0E5-E8885F61679B}.Debug|Any CPU.ActiveCfg = Debug|Any CPU
		{A82E69C1-2CF9-497D-A0E5-E8885F61679B}.Debug|Any CPU.Build.0 = Debug|Any CPU
		{A82E69C1-2CF9-497D-A0E5-E8885F61679B}.Release|Any CPU.ActiveCfg = Release|Any CPU
		{A82E69C1-2CF9-497D-A0E5-E8885F61679B}.Release|Any CPU.Build.0 = Release|Any CPU
	EndGlobalSection
	GlobalSection(SolutionProperties) = preSolution
		HideSolutionNode = FALSE
	EndGlobalSection
EndGlobal
